
Microsoft Visual Studio Solution File, Format Version 12.00
# Visual Studio 15
VisualStudioVersion = 15.0.27703.2018
MinimumVisualStudioVersion = 10.0.40219.1
Project("{FAE04EC0-301F-11D3-BF4B-00C04F79EFBC}") = "ToyManager", "ToyManager\ToyManager.csproj", "{F8C5316A-D047-4C94-8E06-0F9EDD577946}"
EndProject
Project("{FAE04EC0-301F-11D3-BF4B-00C04F79EFBC}") = "ToyLibrary", "ToyLibrary\ToyLibrary.csproj", "{CCCEE234-99D9-4B22-AE22-FFCD6B708635}"
EndProject
Project("{FAE04EC0-301F-11D3-BF4B-00C04F79EFBC}") = "MiTTLibrary", "MiTTLibrary\MiTTLibrary.csproj", "{1247B0D5-8548-4139-A9B6-E291DB8F320B}"
EndProject
Global
	GlobalSection(SolutionConfigurationPlatforms) = preSolution
		Debug|Any CPU = Debug|Any CPU
		Release|Any CPU = Release|Any CPU
	EndGlobalSection
	GlobalSection(ProjectConfigurationPlatforms) = postSolution
		{F8C5316A-D047-4C94-8E06-0F9EDD577946}.Debug|Any CPU.ActiveCfg = Debug|Any CPU
		{F8C5316A-D047-4C94-8E06-0F9EDD577946}.Debug|Any CPU.Build.0 = Debug|Any CPU
		{F8C5316A-D047-4C94-8E06-0F9EDD577946}.Release|Any CPU.ActiveCfg = Release|Any CPU
		{F8C5316A-D047-4C94-8E06-0F9EDD577946}.Release|Any CPU.Build.0 = Release|Any CPU
		{CCCEE234-99D9-4B22-AE22-FFCD6B708635}.Debug|Any CPU.ActiveCfg = Debug|Any CPU
		{CCCEE234-99D9-4B22-AE22-FFCD6B708635}.Debug|Any CPU.Build.0 = Debug|Any CPU
		{CCCEE234-99D9-4B22-AE22-FFCD6B708635}.Release|Any CPU.ActiveCfg = Release|Any CPU
		{CCCEE234-99D9-4B22-AE22-FFCD6B708635}.Release|Any CPU.Build.0 = Release|Any CPU
		{1247B0D5-8548-4139-A9B6-E291DB8F320B}.Debug|Any CPU.ActiveCfg = Debug|Any CPU
		{1247B0D5-8548-4139-A9B6-E291DB8F320B}.Debug|Any CPU.Build.0 = Debug|Any CPU
		{1247B0D5-8548-4139-A9B6-E291DB8F320B}.Release|Any CPU.ActiveCfg = Release|Any CPU
		{1247B0D5-8548-4139-A9B6-E291DB8F320B}.Release|Any CPU.Build.0 = Release|Any CPU
	EndGlobalSection
	GlobalSection(SolutionProperties) = preSolution
		HideSolutionNode = FALSE
	EndGlobalSection
	GlobalSection(ExtensibilityGlobals) = postSolution
		SolutionGuid = {3D5590DC-D3D1-4FDF-BAB6-086544737D0B}
	EndGlobalSection
EndGlobal
